// !$*UTF8*$!
{
	archiveVersion = 1;
	classes = {
	};
	objectVersion = 46;
	objects = {

/* Begin PBXBuildFile section */
		177DC98C134CBB1C000A163E /* Attributes.h.erb in Sources */ = {isa = PBXBuildFile; fileRef = 17A77889132024C800EA956B /* Attributes.h.erb */; };
		177DC992134CBD1E000A163E /* TestClassSize.cpp in Sources */ = {isa = PBXBuildFile; fileRef = 177DC98E134CBC77000A163E /* TestClassSize.cpp */; };
		177DC997134CBE31000A163E /* TestClassPolymorphism.cpp in Sources */ = {isa = PBXBuildFile; fileRef = 177DC993134CBE1D000A163E /* TestClassPolymorphism.cpp */; };
		17A77872132021DF00EA956B /* InfoPlist.strings in Resources */ = {isa = PBXBuildFile; fileRef = 17A77870132021DF00EA956B /* InfoPlist.strings */; };
		17A7789B132024C800EA956B /* Archivable.h in Headers */ = {isa = PBXBuildFile; fileRef = 17A77880132024C800EA956B /* Archivable.h */; settings = {ATTRIBUTES = (Public, ); }; };
		17A7789C132024C800EA956B /* Archive.cpp in Sources */ = {isa = PBXBuildFile; fileRef = 17A77881132024C800EA956B /* Archive.cpp */; };
		17A7789D132024C800EA956B /* Archive.h in Headers */ = {isa = PBXBuildFile; fileRef = 17A77882132024C800EA956B /* Archive.h */; settings = {ATTRIBUTES = (Public, ); }; };
		17A7789E132024C800EA956B /* Archivist.h in Headers */ = {isa = PBXBuildFile; fileRef = 17A77883132024C800EA956B /* Archivist.h */; settings = {ATTRIBUTES = (Public, ); }; };
		17A7789F132024C800EA956B /* ArchivistCore.h in Headers */ = {isa = PBXBuildFile; fileRef = 17A77884132024C800EA956B /* ArchivistCore.h */; settings = {ATTRIBUTES = (Public, ); }; };
		17A778A0132024C800EA956B /* ArchivistMore.h in Headers */ = {isa = PBXBuildFile; fileRef = 17A77885132024C800EA956B /* ArchivistMore.h */; settings = {ATTRIBUTES = (Public, ); }; };
		17A778A1132024C800EA956B /* Array.cpp in Sources */ = {isa = PBXBuildFile; fileRef = 17A77886132024C800EA956B /* Array.cpp */; };
		17A778A2132024C800EA956B /* Array.h in Headers */ = {isa = PBXBuildFile; fileRef = 17A77887132024C800EA956B /* Array.h */; settings = {ATTRIBUTES = (Public, ); }; };
		17A778A3132024C800EA956B /* Attributes.h in Headers */ = {isa = PBXBuildFile; fileRef = 17A77888132024C800EA956B /* Attributes.h */; settings = {ATTRIBUTES = (Public, ); }; };
		17A778A4132024C800EA956B /* Attributes.h.erb in Resources */ = {isa = PBXBuildFile; fileRef = 17A77889132024C800EA956B /* Attributes.h.erb */; };
		17A778A5132024C800EA956B /* Decode.h in Headers */ = {isa = PBXBuildFile; fileRef = 17A7788A132024C800EA956B /* Decode.h */; settings = {ATTRIBUTES = (Public, ); }; };
		17A778A6132024C800EA956B /* Encode.h in Headers */ = {isa = PBXBuildFile; fileRef = 17A7788B132024C800EA956B /* Encode.h */; settings = {ATTRIBUTES = (Public, ); }; };
		17A778A7132024C800EA956B /* Enum.h in Headers */ = {isa = PBXBuildFile; fileRef = 17A7788C132024C800EA956B /* Enum.h */; settings = {ATTRIBUTES = (Public, ); }; };
		17A778A8132024C800EA956B /* Exception.h in Headers */ = {isa = PBXBuildFile; fileRef = 17A7788D132024C800EA956B /* Exception.h */; settings = {ATTRIBUTES = (Public, ); }; };
		17A778A9132024C800EA956B /* Internal.h in Headers */ = {isa = PBXBuildFile; fileRef = 17A7788E132024C800EA956B /* Internal.h */; settings = {ATTRIBUTES = (Public, ); }; };
		17A778AA132024C800EA956B /* Null.cpp in Sources */ = {isa = PBXBuildFile; fileRef = 17A7788F132024C800EA956B /* Null.cpp */; };
		17A778AB132024C800EA956B /* Null.h in Headers */ = {isa = PBXBuildFile; fileRef = 17A77890132024C800EA956B /* Null.h */; settings = {ATTRIBUTES = (Public, ); }; };
		17A778AC132024C800EA956B /* Object.cpp in Sources */ = {isa = PBXBuildFile; fileRef = 17A77891132024C800EA956B /* Object.cpp */; };
		17A778AD132024C800EA956B /* Object.h in Headers */ = {isa = PBXBuildFile; fileRef = 17A77892132024C800EA956B /* Object.h */; settings = {ATTRIBUTES = (Public, ); }; };
		17A778AE132024C800EA956B /* Primitive.h in Headers */ = {isa = PBXBuildFile; fileRef = 17A77893132024C800EA956B /* Primitive.h */; settings = {ATTRIBUTES = (Public, ); }; };
		17A778AF132024C800EA956B /* StreamReader.cpp in Sources */ = {isa = PBXBuildFile; fileRef = 17A77894132024C800EA956B /* StreamReader.cpp */; };
		17A778B0132024C800EA956B /* StreamReader.h in Headers */ = {isa = PBXBuildFile; fileRef = 17A77895132024C800EA956B /* StreamReader.h */; settings = {ATTRIBUTES = (Public, ); }; };
		17A778B1132024C800EA956B /* StreamWriter.cpp in Sources */ = {isa = PBXBuildFile; fileRef = 17A77896132024C800EA956B /* StreamWriter.cpp */; };
		17A778B2132024C800EA956B /* StreamWriter.h in Headers */ = {isa = PBXBuildFile; fileRef = 17A77897132024C800EA956B /* StreamWriter.h */; settings = {ATTRIBUTES = (Public, ); }; };
		17A778B3132024C800EA956B /* Unknown.cpp in Sources */ = {isa = PBXBuildFile; fileRef = 17A77898132024C800EA956B /* Unknown.cpp */; };
		17A778B4132024C800EA956B /* Unknown.h in Headers */ = {isa = PBXBuildFile; fileRef = 17A77899132024C800EA956B /* Unknown.h */; settings = {ATTRIBUTES = (Public, ); }; };
		17A778B5132024C800EA956B /* Visitor.h in Headers */ = {isa = PBXBuildFile; fileRef = 17A7789A132024C800EA956B /* Visitor.h */; settings = {ATTRIBUTES = (Public, ); }; };
		17A778D413202F8700EA956B /* RunTests.cpp in Sources */ = {isa = PBXBuildFile; fileRef = 17A778C413202F0400EA956B /* RunTests.cpp */; };
		17A778D513202F8700EA956B /* TestArchive.cpp in Sources */ = {isa = PBXBuildFile; fileRef = 17A778C513202F0400EA956B /* TestArchive.cpp */; };
		17A778D613202F8700EA956B /* TestClassAttributes.cpp in Sources */ = {isa = PBXBuildFile; fileRef = 17A778C613202F0400EA956B /* TestClassAttributes.cpp */; };
		17A778D713202F8700EA956B /* TestContainers.cpp in Sources */ = {isa = PBXBuildFile; fileRef = 17A778C713202F0400EA956B /* TestContainers.cpp */; };
		17A778D813202F8700EA956B /* TestEncodeDecode.cpp in Sources */ = {isa = PBXBuildFile; fileRef = 17A778C813202F0400EA956B /* TestEncodeDecode.cpp */; };
		17A778D913202F8700EA956B /* TestEnum.cpp in Sources */ = {isa = PBXBuildFile; fileRef = 17A778C913202F0400EA956B /* TestEnum.cpp */; };
		17A778DA13202F8700EA956B /* TestPrimitives.cpp in Sources */ = {isa = PBXBuildFile; fileRef = 17A778CA13202F0400EA956B /* TestPrimitives.cpp */; };
		17A778DB13202F8700EA956B /* TestStreamReaderWriter.cpp in Sources */ = {isa = PBXBuildFile; fileRef = 17A778CB13202F0400EA956B /* TestStreamReaderWriter.cpp */; };
		17A778DC13202F8E00EA956B /* Archivist.framework in Frameworks */ = {isa = PBXBuildFile; fileRef = 17A77864132021DF00EA956B /* Archivist.framework */; };
		17A778E8132033DD00EA956B /* UnitTest++.framework in Frameworks */ = {isa = PBXBuildFile; fileRef = 17A778E7132033DD00EA956B /* UnitTest++.framework */; };
/* End PBXBuildFile section */

/* Begin PBXBuildRule section */
		177DC98D134CBB2D000A163E /* PBXBuildRule */ = {
			isa = PBXBuildRule;
			compilerSpec = com.apple.compilers.proxy.script;
			filePatterns = "*.h.erb";
			fileType = pattern.proxy;
			isEditable = 1;
			outputFiles = (
				"${INPUT_FILE_DIR}/${INPUT_FILE_BASE}",
			);
			script = "/usr/bin/erb ${INPUT_FILE_PATH} > ${INPUT_FILE_DIR}/${INPUT_FILE_BASE}";
		};
/* End PBXBuildRule section */

/* Begin PBXContainerItemProxy section */
		17A778DD13202F9900EA956B /* PBXContainerItemProxy */ = {
			isa = PBXContainerItemProxy;
			containerPortal = 17A7785A132021DE00EA956B /* Project object */;
			proxyType = 1;
			remoteGlobalIDString = 17A77863132021DE00EA956B;
			remoteInfo = Archivist;
		};
/* End PBXContainerItemProxy section */

/* Begin PBXCopyFilesBuildPhase section */
		17A778B913202EDB00EA956B /* CopyFiles */ = {
			isa = PBXCopyFilesBuildPhase;
			buildActionMask = 2147483647;
			dstPath = /usr/share/man/man1/;
			dstSubfolderSpec = 0;
			files = (
			);
			runOnlyForDeploymentPostprocessing = 1;
		};
/* End PBXCopyFilesBuildPhase section */

/* Begin PBXFileReference section */
		177DC98E134CBC77000A163E /* TestClassSize.cpp */ = {isa = PBXFileReference; fileEncoding = 4; lastKnownFileType = sourcecode.cpp.cpp; path = TestClassSize.cpp; sourceTree = "<group>"; };
		177DC993134CBE1D000A163E /* TestClassPolymorphism.cpp */ = {isa = PBXFileReference; fileEncoding = 4; lastKnownFileType = sourcecode.cpp.cpp; path = TestClassPolymorphism.cpp; sourceTree = "<group>"; };
		17A77864132021DF00EA956B /* Archivist.framework */ = {isa = PBXFileReference; explicitFileType = wrapper.framework; includeInIndex = 0; path = Archivist.framework; sourceTree = BUILT_PRODUCTS_DIR; };
		17A7786F132021DF00EA956B /* Archivist-Info.plist */ = {isa = PBXFileReference; lastKnownFileType = text.plist.xml; path = "Archivist-Info.plist"; sourceTree = "<group>"; };
		17A77871132021DF00EA956B /* en */ = {isa = PBXFileReference; lastKnownFileType = text.plist.strings; name = en; path = en.lproj/InfoPlist.strings; sourceTree = "<group>"; };
		17A77873132021DF00EA956B /* Archivist-Prefix.pch */ = {isa = PBXFileReference; lastKnownFileType = sourcecode.c.h; path = "Archivist-Prefix.pch"; sourceTree = "<group>"; };
		17A77880132024C800EA956B /* Archivable.h */ = {isa = PBXFileReference; fileEncoding = 4; lastKnownFileType = sourcecode.c.h; path = Archivable.h; sourceTree = "<group>"; };
		17A77881132024C800EA956B /* Archive.cpp */ = {isa = PBXFileReference; fileEncoding = 4; lastKnownFileType = sourcecode.cpp.cpp; path = Archive.cpp; sourceTree = "<group>"; };
		17A77882132024C800EA956B /* Archive.h */ = {isa = PBXFileReference; fileEncoding = 4; lastKnownFileType = sourcecode.c.h; path = Archive.h; sourceTree = "<group>"; };
		17A77883132024C800EA956B /* Archivist.h */ = {isa = PBXFileReference; fileEncoding = 4; lastKnownFileType = sourcecode.c.h; path = Archivist.h; sourceTree = "<group>"; };
		17A77884132024C800EA956B /* ArchivistCore.h */ = {isa = PBXFileReference; fileEncoding = 4; lastKnownFileType = sourcecode.c.h; path = ArchivistCore.h; sourceTree = "<group>"; };
		17A77885132024C800EA956B /* ArchivistMore.h */ = {isa = PBXFileReference; fileEncoding = 4; lastKnownFileType = sourcecode.c.h; path = ArchivistMore.h; sourceTree = "<group>"; };
		17A77886132024C800EA956B /* Array.cpp */ = {isa = PBXFileReference; fileEncoding = 4; lastKnownFileType = sourcecode.cpp.cpp; path = Array.cpp; sourceTree = "<group>"; };
		17A77887132024C800EA956B /* Array.h */ = {isa = PBXFileReference; fileEncoding = 4; lastKnownFileType = sourcecode.c.h; path = Array.h; sourceTree = "<group>"; };
		17A77888132024C800EA956B /* Attributes.h */ = {isa = PBXFileReference; fileEncoding = 4; lastKnownFileType = sourcecode.c.h; path = Attributes.h; sourceTree = "<group>"; };
		17A77889132024C800EA956B /* Attributes.h.erb */ = {isa = PBXFileReference; fileEncoding = 4; lastKnownFileType = text; path = Attributes.h.erb; sourceTree = "<group>"; };
		17A7788A132024C800EA956B /* Decode.h */ = {isa = PBXFileReference; fileEncoding = 4; lastKnownFileType = sourcecode.c.h; path = Decode.h; sourceTree = "<group>"; };
		17A7788B132024C800EA956B /* Encode.h */ = {isa = PBXFileReference; fileEncoding = 4; lastKnownFileType = sourcecode.c.h; path = Encode.h; sourceTree = "<group>"; };
		17A7788C132024C800EA956B /* Enum.h */ = {isa = PBXFileReference; fileEncoding = 4; lastKnownFileType = sourcecode.c.h; path = Enum.h; sourceTree = "<group>"; };
		17A7788D132024C800EA956B /* Exception.h */ = {isa = PBXFileReference; fileEncoding = 4; lastKnownFileType = sourcecode.c.h; path = Exception.h; sourceTree = "<group>"; };
		17A7788E132024C800EA956B /* Internal.h */ = {isa = PBXFileReference; fileEncoding = 4; lastKnownFileType = sourcecode.c.h; path = Internal.h; sourceTree = "<group>"; };
		17A7788F132024C800EA956B /* Null.cpp */ = {isa = PBXFileReference; fileEncoding = 4; lastKnownFileType = sourcecode.cpp.cpp; path = Null.cpp; sourceTree = "<group>"; };
		17A77890132024C800EA956B /* Null.h */ = {isa = PBXFileReference; fileEncoding = 4; lastKnownFileType = sourcecode.c.h; path = Null.h; sourceTree = "<group>"; };
		17A77891132024C800EA956B /* Object.cpp */ = {isa = PBXFileReference; fileEncoding = 4; lastKnownFileType = sourcecode.cpp.cpp; path = Object.cpp; sourceTree = "<group>"; };
		17A77892132024C800EA956B /* Object.h */ = {isa = PBXFileReference; fileEncoding = 4; lastKnownFileType = sourcecode.c.h; path = Object.h; sourceTree = "<group>"; };
		17A77893132024C800EA956B /* Primitive.h */ = {isa = PBXFileReference; fileEncoding = 4; lastKnownFileType = sourcecode.c.h; path = Primitive.h; sourceTree = "<group>"; };
		17A77894132024C800EA956B /* StreamReader.cpp */ = {isa = PBXFileReference; fileEncoding = 4; lastKnownFileType = sourcecode.cpp.cpp; path = StreamReader.cpp; sourceTree = "<group>"; };
		17A77895132024C800EA956B /* StreamReader.h */ = {isa = PBXFileReference; fileEncoding = 4; lastKnownFileType = sourcecode.c.h; path = StreamReader.h; sourceTree = "<group>"; };
		17A77896132024C800EA956B /* StreamWriter.cpp */ = {isa = PBXFileReference; fileEncoding = 4; lastKnownFileType = sourcecode.cpp.cpp; path = StreamWriter.cpp; sourceTree = "<group>"; };
		17A77897132024C800EA956B /* StreamWriter.h */ = {isa = PBXFileReference; fileEncoding = 4; lastKnownFileType = sourcecode.c.h; path = StreamWriter.h; sourceTree = "<group>"; };
		17A77898132024C800EA956B /* Unknown.cpp */ = {isa = PBXFileReference; fileEncoding = 4; lastKnownFileType = sourcecode.cpp.cpp; path = Unknown.cpp; sourceTree = "<group>"; };
		17A77899132024C800EA956B /* Unknown.h */ = {isa = PBXFileReference; fileEncoding = 4; lastKnownFileType = sourcecode.c.h; path = Unknown.h; sourceTree = "<group>"; };
		17A7789A132024C800EA956B /* Visitor.h */ = {isa = PBXFileReference; fileEncoding = 4; lastKnownFileType = sourcecode.c.h; path = Visitor.h; sourceTree = "<group>"; };
		17A778BB13202EDB00EA956B /* Tests */ = {isa = PBXFileReference; explicitFileType = "compiled.mach-o.executable"; includeInIndex = 0; path = Tests; sourceTree = BUILT_PRODUCTS_DIR; };
		17A778C413202F0400EA956B /* RunTests.cpp */ = {isa = PBXFileReference; fileEncoding = 4; lastKnownFileType = sourcecode.cpp.cpp; path = RunTests.cpp; sourceTree = "<group>"; };
		17A778C513202F0400EA956B /* TestArchive.cpp */ = {isa = PBXFileReference; fileEncoding = 4; lastKnownFileType = sourcecode.cpp.cpp; path = TestArchive.cpp; sourceTree = "<group>"; };
		17A778C613202F0400EA956B /* TestClassAttributes.cpp */ = {isa = PBXFileReference; fileEncoding = 4; lastKnownFileType = sourcecode.cpp.cpp; path = TestClassAttributes.cpp; sourceTree = "<group>"; };
		17A778C713202F0400EA956B /* TestContainers.cpp */ = {isa = PBXFileReference; fileEncoding = 4; lastKnownFileType = sourcecode.cpp.cpp; path = TestContainers.cpp; sourceTree = "<group>"; };
		17A778C813202F0400EA956B /* TestEncodeDecode.cpp */ = {isa = PBXFileReference; fileEncoding = 4; lastKnownFileType = sourcecode.cpp.cpp; path = TestEncodeDecode.cpp; sourceTree = "<group>"; };
		17A778C913202F0400EA956B /* TestEnum.cpp */ = {isa = PBXFileReference; fileEncoding = 4; lastKnownFileType = sourcecode.cpp.cpp; path = TestEnum.cpp; sourceTree = "<group>"; };
		17A778CA13202F0400EA956B /* TestPrimitives.cpp */ = {isa = PBXFileReference; fileEncoding = 4; lastKnownFileType = sourcecode.cpp.cpp; path = TestPrimitives.cpp; sourceTree = "<group>"; };
		17A778CB13202F0400EA956B /* TestStreamReaderWriter.cpp */ = {isa = PBXFileReference; fileEncoding = 4; lastKnownFileType = sourcecode.cpp.cpp; path = TestStreamReaderWriter.cpp; sourceTree = "<group>"; };
		17A778E7132033DD00EA956B /* UnitTest++.framework */ = {isa = PBXFileReference; lastKnownFileType = wrapper.framework; name = "UnitTest++.framework"; path = "../../../../../Library/Frameworks/UnitTest++.framework"; sourceTree = "<group>"; };
/* End PBXFileReference section */

/* Begin PBXFrameworksBuildPhase section */
		17A77860132021DE00EA956B /* Frameworks */ = {
			isa = PBXFrameworksBuildPhase;
			buildActionMask = 2147483647;
			files = (
			);
			runOnlyForDeploymentPostprocessing = 0;
		};
		17A778B813202EDB00EA956B /* Frameworks */ = {
			isa = PBXFrameworksBuildPhase;
			buildActionMask = 2147483647;
			files = (
				17A778DC13202F8E00EA956B /* Archivist.framework in Frameworks */,
				17A778E8132033DD00EA956B /* UnitTest++.framework in Frameworks */,
			);
			runOnlyForDeploymentPostprocessing = 0;
		};
/* End PBXFrameworksBuildPhase section */

/* Begin PBXGroup section */
		17A77858132021DE00EA956B = {
			isa = PBXGroup;
			children = (
				17A7786D132021DF00EA956B /* Archivist */,
				17A778BD13202EDB00EA956B /* Tests */,
				17A77866132021DF00EA956B /* Frameworks */,
				17A77865132021DF00EA956B /* Products */,
			);
			sourceTree = "<group>";
		};
		17A77865132021DF00EA956B /* Products */ = {
			isa = PBXGroup;
			children = (
				17A77864132021DF00EA956B /* Archivist.framework */,
				17A778BB13202EDB00EA956B /* Tests */,
			);
			name = Products;
			sourceTree = "<group>";
		};
		17A77866132021DF00EA956B /* Frameworks */ = {
			isa = PBXGroup;
			children = (
				17A778E7132033DD00EA956B /* UnitTest++.framework */,
			);
			name = Frameworks;
			sourceTree = "<group>";
		};
		17A7786D132021DF00EA956B /* Archivist */ = {
			isa = PBXGroup;
			children = (
				17A7787F132024C800EA956B /* Source */,
				17A7786E132021DF00EA956B /* Supporting Files */,
			);
			path = Archivist;
			sourceTree = "<group>";
		};
		17A7786E132021DF00EA956B /* Supporting Files */ = {
			isa = PBXGroup;
			children = (
				17A7786F132021DF00EA956B /* Archivist-Info.plist */,
				17A77870132021DF00EA956B /* InfoPlist.strings */,
				17A77873132021DF00EA956B /* Archivist-Prefix.pch */,
			);
			name = "Supporting Files";
			sourceTree = "<group>";
		};
		17A7787F132024C800EA956B /* Source */ = {
			isa = PBXGroup;
			children = (
				17A77880132024C800EA956B /* Archivable.h */,
				17A77881132024C800EA956B /* Archive.cpp */,
				17A77882132024C800EA956B /* Archive.h */,
				17A77883132024C800EA956B /* Archivist.h */,
				17A77884132024C800EA956B /* ArchivistCore.h */,
				17A77885132024C800EA956B /* ArchivistMore.h */,
				17A77886132024C800EA956B /* Array.cpp */,
				17A77887132024C800EA956B /* Array.h */,
				17A77888132024C800EA956B /* Attributes.h */,
				17A77889132024C800EA956B /* Attributes.h.erb */,
				17A7788A132024C800EA956B /* Decode.h */,
				17A7788B132024C800EA956B /* Encode.h */,
				17A7788C132024C800EA956B /* Enum.h */,
				17A7788D132024C800EA956B /* Exception.h */,
				17A7788E132024C800EA956B /* Internal.h */,
				17A7788F132024C800EA956B /* Null.cpp */,
				17A77890132024C800EA956B /* Null.h */,
				17A77891132024C800EA956B /* Object.cpp */,
				17A77892132024C800EA956B /* Object.h */,
				17A77893132024C800EA956B /* Primitive.h */,
				17A77894132024C800EA956B /* StreamReader.cpp */,
				17A77895132024C800EA956B /* StreamReader.h */,
				17A77896132024C800EA956B /* StreamWriter.cpp */,
				17A77897132024C800EA956B /* StreamWriter.h */,
				17A77898132024C800EA956B /* Unknown.cpp */,
				17A77899132024C800EA956B /* Unknown.h */,
				17A7789A132024C800EA956B /* Visitor.h */,
			);
			path = Source;
			sourceTree = SOURCE_ROOT;
		};
		17A778BD13202EDB00EA956B /* Tests */ = {
			isa = PBXGroup;
			children = (
				17A778C413202F0400EA956B /* RunTests.cpp */,
				17A778C513202F0400EA956B /* TestArchive.cpp */,
				17A778C613202F0400EA956B /* TestClassAttributes.cpp */,
				177DC993134CBE1D000A163E /* TestClassPolymorphism.cpp */,
				177DC98E134CBC77000A163E /* TestClassSize.cpp */,
				17A778C713202F0400EA956B /* TestContainers.cpp */,
				17A778C813202F0400EA956B /* TestEncodeDecode.cpp */,
				17A778C913202F0400EA956B /* TestEnum.cpp */,
				17A778CA13202F0400EA956B /* TestPrimitives.cpp */,
				17A778CB13202F0400EA956B /* TestStreamReaderWriter.cpp */,
			);
			path = Tests;
			sourceTree = "<group>";
		};
/* End PBXGroup section */

/* Begin PBXHeadersBuildPhase section */
		17A77861132021DE00EA956B /* Headers */ = {
			isa = PBXHeadersBuildPhase;
			buildActionMask = 2147483647;
			files = (
				17A7789B132024C800EA956B /* Archivable.h in Headers */,
				17A7789D132024C800EA956B /* Archive.h in Headers */,
				17A7789E132024C800EA956B /* Archivist.h in Headers */,
				17A7789F132024C800EA956B /* ArchivistCore.h in Headers */,
				17A778A0132024C800EA956B /* ArchivistMore.h in Headers */,
				17A778A2132024C800EA956B /* Array.h in Headers */,
				17A778A3132024C800EA956B /* Attributes.h in Headers */,
				17A778A5132024C800EA956B /* Decode.h in Headers */,
				17A778A6132024C800EA956B /* Encode.h in Headers */,
				17A778A7132024C800EA956B /* Enum.h in Headers */,
				17A778A8132024C800EA956B /* Exception.h in Headers */,
				17A778A9132024C800EA956B /* Internal.h in Headers */,
				17A778AB132024C800EA956B /* Null.h in Headers */,
				17A778AD132024C800EA956B /* Object.h in Headers */,
				17A778AE132024C800EA956B /* Primitive.h in Headers */,
				17A778B0132024C800EA956B /* StreamReader.h in Headers */,
				17A778B2132024C800EA956B /* StreamWriter.h in Headers */,
				17A778B4132024C800EA956B /* Unknown.h in Headers */,
				17A778B5132024C800EA956B /* Visitor.h in Headers */,
			);
			runOnlyForDeploymentPostprocessing = 0;
		};
/* End PBXHeadersBuildPhase section */

/* Begin PBXNativeTarget section */
		17A77863132021DE00EA956B /* Archivist */ = {
			isa = PBXNativeTarget;
			buildConfigurationList = 17A77876132021DF00EA956B /* Build configuration list for PBXNativeTarget "Archivist" */;
			buildPhases = (
				17A7785F132021DE00EA956B /* Sources */,
				17A77860132021DE00EA956B /* Frameworks */,
				17A77861132021DE00EA956B /* Headers */,
				17A77862132021DE00EA956B /* Resources */,
			);
			buildRules = (
				177DC98D134CBB2D000A163E /* PBXBuildRule */,
			);
			dependencies = (
			);
			name = Archivist;
			productName = Archivist;
			productReference = 17A77864132021DF00EA956B /* Archivist.framework */;
			productType = "com.apple.product-type.framework";
		};
		17A778BA13202EDB00EA956B /* Tests */ = {
			isa = PBXNativeTarget;
			buildConfigurationList = 17A778C113202EDB00EA956B /* Build configuration list for PBXNativeTarget "Tests" */;
			buildPhases = (
				17A778B713202EDB00EA956B /* Sources */,
				17A778B813202EDB00EA956B /* Frameworks */,
				17A778B913202EDB00EA956B /* CopyFiles */,
			);
			buildRules = (
			);
			dependencies = (
				17A778DE13202F9900EA956B /* PBXTargetDependency */,
			);
			name = Tests;
			productName = Tests;
			productReference = 17A778BB13202EDB00EA956B /* Tests */;
			productType = "com.apple.product-type.tool";
		};
/* End PBXNativeTarget section */

/* Begin PBXProject section */
		17A7785A132021DE00EA956B /* Project object */ = {
			isa = PBXProject;
			buildConfigurationList = 17A7785D132021DE00EA956B /* Build configuration list for PBXProject "Archivist" */;
			compatibilityVersion = "Xcode 3.2";
			developmentRegion = English;
			hasScannedForEncodings = 0;
			knownRegions = (
				en,
			);
			mainGroup = 17A77858132021DE00EA956B;
			productRefGroup = 17A77865132021DF00EA956B /* Products */;
			projectDirPath = "";
			projectRoot = "";
			targets = (
				17A77863132021DE00EA956B /* Archivist */,
				17A778BA13202EDB00EA956B /* Tests */,
			);
		};
/* End PBXProject section */

/* Begin PBXResourcesBuildPhase section */
		17A77862132021DE00EA956B /* Resources */ = {
			isa = PBXResourcesBuildPhase;
			buildActionMask = 2147483647;
			files = (
				17A77872132021DF00EA956B /* InfoPlist.strings in Resources */,
				17A778A4132024C800EA956B /* Attributes.h.erb in Resources */,
			);
			runOnlyForDeploymentPostprocessing = 0;
		};
/* End PBXResourcesBuildPhase section */

/* Begin PBXSourcesBuildPhase section */
		17A7785F132021DE00EA956B /* Sources */ = {
			isa = PBXSourcesBuildPhase;
			buildActionMask = 2147483647;
			files = (
				177DC98C134CBB1C000A163E /* Attributes.h.erb in Sources */,
				17A7789C132024C800EA956B /* Archive.cpp in Sources */,
				17A778A1132024C800EA956B /* Array.cpp in Sources */,
				17A778AA132024C800EA956B /* Null.cpp in Sources */,
				17A778AC132024C800EA956B /* Object.cpp in Sources */,
				17A778AF132024C800EA956B /* StreamReader.cpp in Sources */,
				17A778B1132024C800EA956B /* StreamWriter.cpp in Sources */,
				17A778B3132024C800EA956B /* Unknown.cpp in Sources */,
			);
			runOnlyForDeploymentPostprocessing = 0;
		};
		17A778B713202EDB00EA956B /* Sources */ = {
			isa = PBXSourcesBuildPhase;
			buildActionMask = 2147483647;
			files = (
				17A778D413202F8700EA956B /* RunTests.cpp in Sources */,
				17A778D513202F8700EA956B /* TestArchive.cpp in Sources */,
				17A778D613202F8700EA956B /* TestClassAttributes.cpp in Sources */,
				177DC997134CBE31000A163E /* TestClassPolymorphism.cpp in Sources */,
				177DC992134CBD1E000A163E /* TestClassSize.cpp in Sources */,
				17A778D713202F8700EA956B /* TestContainers.cpp in Sources */,
				17A778D813202F8700EA956B /* TestEncodeDecode.cpp in Sources */,
				17A778D913202F8700EA956B /* TestEnum.cpp in Sources */,
				17A778DA13202F8700EA956B /* TestPrimitives.cpp in Sources */,
				17A778DB13202F8700EA956B /* TestStreamReaderWriter.cpp in Sources */,
			);
			runOnlyForDeploymentPostprocessing = 0;
		};
/* End PBXSourcesBuildPhase section */

/* Begin PBXTargetDependency section */
		17A778DE13202F9900EA956B /* PBXTargetDependency */ = {
			isa = PBXTargetDependency;
			target = 17A77863132021DE00EA956B /* Archivist */;
			targetProxy = 17A778DD13202F9900EA956B /* PBXContainerItemProxy */;
		};
/* End PBXTargetDependency section */

/* Begin PBXVariantGroup section */
		17A77870132021DF00EA956B /* InfoPlist.strings */ = {
			isa = PBXVariantGroup;
			children = (
				17A77871132021DF00EA956B /* en */,
			);
			name = InfoPlist.strings;
			sourceTree = "<group>";
		};
/* End PBXVariantGroup section */

/* Begin XCBuildConfiguration section */
		17A77874132021DF00EA956B /* Debug */ = {
			isa = XCBuildConfiguration;
			buildSettings = {
				ARCHS = "$(ARCHS_STANDARD_32_64_BIT)";
				DEPLOYMENT_LOCATION = NO;
				DEPLOYMENT_POSTPROCESSING = NO;
				GCC_C_LANGUAGE_STANDARD = gnu99;
				GCC_OPTIMIZATION_LEVEL = 0;
				GCC_PREPROCESSOR_DEFINITIONS = DEBUG;
				GCC_VERSION = com.apple.compilers.llvm.clang.1_0;
				GCC_WARN_64_TO_32_BIT_CONVERSION = YES;
				GCC_WARN_ABOUT_RETURN_TYPE = YES;
				GCC_WARN_UNUSED_VARIABLE = YES;
				MACOSX_DEPLOYMENT_TARGET = 10.6;
				ONLY_ACTIVE_ARCH = YES;
				SDKROOT = macosx;
			};
			name = Debug;
		};
		17A77875132021DF00EA956B /* Release */ = {
			isa = XCBuildConfiguration;
			buildSettings = {
				ARCHS = "$(ARCHS_STANDARD_32_64_BIT)";
				DEPLOYMENT_LOCATION = NO;
				DEPLOYMENT_POSTPROCESSING = NO;
				GCC_C_LANGUAGE_STANDARD = gnu99;
				GCC_VERSION = com.apple.compilers.llvm.clang.1_0;
				GCC_WARN_64_TO_32_BIT_CONVERSION = YES;
				GCC_WARN_ABOUT_RETURN_TYPE = YES;
				GCC_WARN_UNUSED_VARIABLE = YES;
				MACOSX_DEPLOYMENT_TARGET = 10.6;
				SDKROOT = macosx;
			};
			name = Release;
		};
		17A77877132021DF00EA956B /* Debug */ = {
			isa = XCBuildConfiguration;
			buildSettings = {
				ALWAYS_SEARCH_USER_PATHS = NO;
				COPY_PHASE_STRIP = NO;
				DYLIB_COMPATIBILITY_VERSION = 1;
				DYLIB_CURRENT_VERSION = 1;
				FRAMEWORK_VERSION = A;
				GCC_DYNAMIC_NO_PIC = NO;
				GCC_ENABLE_OBJC_EXCEPTIONS = YES;
				GCC_PRECOMPILE_PREFIX_HEADER = YES;
				GCC_PREFIX_HEADER = "Archivist/Archivist-Prefix.pch";
				INFOPLIST_FILE = "Archivist/Archivist-Info.plist";
				PRODUCT_NAME = "$(TARGET_NAME)";
				WRAPPER_EXTENSION = framework;
			};
			name = Debug;
		};
		17A77878132021DF00EA956B /* Release */ = {
			isa = XCBuildConfiguration;
			buildSettings = {
				ALWAYS_SEARCH_USER_PATHS = NO;
				COPY_PHASE_STRIP = YES;
				DEBUG_INFORMATION_FORMAT = "dwarf-with-dsym";
				DYLIB_COMPATIBILITY_VERSION = 1;
				DYLIB_CURRENT_VERSION = 1;
				FRAMEWORK_VERSION = A;
				GCC_ENABLE_OBJC_EXCEPTIONS = YES;
				GCC_PRECOMPILE_PREFIX_HEADER = YES;
				GCC_PREFIX_HEADER = "Archivist/Archivist-Prefix.pch";
				INFOPLIST_FILE = "Archivist/Archivist-Info.plist";
				PRODUCT_NAME = "$(TARGET_NAME)";
				WRAPPER_EXTENSION = framework;
			};
			name = Release;
		};
		17A778C213202EDB00EA956B /* Debug */ = {
			isa = XCBuildConfiguration;
			buildSettings = {
				ALWAYS_SEARCH_USER_PATHS = NO;
				COPY_PHASE_STRIP = NO;
				GCC_DYNAMIC_NO_PIC = NO;
				GCC_ENABLE_OBJC_EXCEPTIONS = YES;
				PRODUCT_NAME = "$(TARGET_NAME)";
			};
			name = Debug;
		};
		17A778C313202EDB00EA956B /* Release */ = {
			isa = XCBuildConfiguration;
			buildSettings = {
				ALWAYS_SEARCH_USER_PATHS = NO;
				COPY_PHASE_STRIP = YES;
				DEBUG_INFORMATION_FORMAT = "dwarf-with-dsym";
				GCC_ENABLE_OBJC_EXCEPTIONS = YES;
				PRODUCT_NAME = "$(TARGET_NAME)";
			};
			name = Release;
		};
/* End XCBuildConfiguration section */

/* Begin XCConfigurationList section */
		17A7785D132021DE00EA956B /* Build configuration list for PBXProject "Archivist" */ = {
			isa = XCConfigurationList;
			buildConfigurations = (
				17A77874132021DF00EA956B /* Debug */,
				17A77875132021DF00EA956B /* Release */,
			);
			defaultConfigurationIsVisible = 0;
			defaultConfigurationName = Release;
		};
		17A77876132021DF00EA956B /* Build configuration list for PBXNativeTarget "Archivist" */ = {
			isa = XCConfigurationList;
			buildConfigurations = (
				17A77877132021DF00EA956B /* Debug */,
				17A77878132021DF00EA956B /* Release */,
			);
			defaultConfigurationIsVisible = 0;
			defaultConfigurationName = Release;
		};
		17A778C113202EDB00EA956B /* Build configuration list for PBXNativeTarget "Tests" */ = {
			isa = XCConfigurationList;
			buildConfigurations = (
				17A778C213202EDB00EA956B /* Debug */,
				17A778C313202EDB00EA956B /* Release */,
			);
			defaultConfigurationIsVisible = 0;
			defaultConfigurationName = Release;
		};
/* End XCConfigurationList section */
	};
	rootObject = 17A7785A132021DE00EA956B /* Project object */;
}
